
Microsoft Visual Studio Solution File, Format Version 12.00
# Visual Studio Version 16
VisualStudioVersion = 16.0.31515.178
MinimumVisualStudioVersion = 10.0.40219.1
Project("{FAE04EC0-301F-11D3-BF4B-00C04F79EFBC}") = "ZoDream.Player", "ZoDream.Player.csproj", "{F6910230-490D-4390-AD30-390FB38CBDAB}"
EndProject
Global
	GlobalSection(SolutionConfigurationPlatforms) = preSolution
		Debug|Any CPU = Debug|Any CPU
		Release|Any CPU = Release|Any CPU
	EndGlobalSection
	GlobalSection(ProjectConfigurationPlatforms) = postSolution
		{F6910230-490D-4390-AD30-390FB38CBDAB}.Debug|Any CPU.ActiveCfg = Debug|Any CPU
		{F6910230-490D-4390-AD30-390FB38CBDAB}.Debug|Any CPU.Build.0 = Debug|Any CPU
		{F6910230-490D-4390-AD30-390FB38CBDAB}.Release|Any CPU.ActiveCfg = Release|Any CPU
		{F6910230-490D-4390-AD30-390FB38CBDAB}.Release|Any CPU.Build.0 = Release|Any CPU
	EndGlobalSection
	GlobalSection(SolutionProperties) = preSolution
		HideSolutionNode = FALSE
	EndGlobalSection
	GlobalSection(ExtensibilityGlobals) = postSolution
		SolutionGuid = {E0DCA9B7-5048-416F-B4DE-1A0BB614188A}
	EndGlobalSection
EndGlobal
